Microsoft Visual Studio Solution File, Format Version 12.00
# Visual Studio Version 17
VisualStudioVersion = 17.5.2.0
MinimumVisualStudioVersion = 10.0.40219.1
Project("{FAE04EC0-301F-11D3-BF4B-00C04F79EFBC}") = "MoviesApi", "MoviesApi.csproj", "{04072C33-2196-B0A0-7AF5-B97E0D9636E8}"
EndProject
Global
	GlobalSection(SolutionConfigurationPlatforms) = preSolution
		Debug|Any CPU = Debug|Any CPU
		Release|Any CPU = Release|Any CPU
	EndGlobalSection
	GlobalSection(ProjectConfigurationPlatforms) = postSolution
		{04072C33-2196-B0A0-7AF5-B97E0D9636E8}.Debug|Any CPU.ActiveCfg = Debug|Any CPU
		{04072C33-2196-B0A0-7AF5-B97E0D9636E8}.Debug|Any CPU.Build.0 = Debug|Any CPU
		{04072C33-2196-B0A0-7AF5-B97E0D9636E8}.Release|Any CPU.ActiveCfg = Release|Any CPU
		{04072C33-2196-B0A0-7AF5-B97E0D9636E8}.Release|Any CPU.Build.0 = Release|Any CPU
	EndGlobalSection
	GlobalSection(SolutionProperties) = preSolution
		HideSolutionNode = FALSE
	EndGlobalSection
	GlobalSection(ExtensibilityGlobals) = postSolution
		SolutionGuid = {EF923F3D-6181-4AED-8668-0E3CE7B4B95A}
	EndGlobalSection
EndGlobal
